
Microsoft Visual Studio Solution File, Format Version 12.00
# Visual Studio Version 16
VisualStudioVersion = 16.0.31321.278
MinimumVisualStudioVersion = 10.0.40219.1
Project("{9A19103F-16F7-4668-BE54-9A1E7A4F7556}") = "Asp.Net_Core_Course", "Asp.Net_Core_Course\Asp.Net_Core_Course.csproj", "{C09611B4-5599-4F73-948E-8072B385E0F2}"
EndProject
Project("{9A19103F-16F7-4668-BE54-9A1E7A4F7556}") = "EmailService", "EmailService\EmailService.csproj", "{CDD380A9-3D9F-451A-8A64-89DBD8C3EA32}"
EndProject
Global
	GlobalSection(SolutionConfigurationPlatforms) = preSolution
		Debug|Any CPU = Debug|Any CPU
		Release|Any CPU = Release|Any CPU
	EndGlobalSection
	GlobalSection(ProjectConfigurationPlatforms) = postSolution
		{C09611B4-5599-4F73-948E-8072B385E0F2}.Debug|Any CPU.ActiveCfg = Debug|Any CPU
		{C09611B4-5599-4F73-948E-8072B385E0F2}.Debug|Any CPU.Build.0 = Debug|Any CPU
		{C09611B4-5599-4F73-948E-8072B385E0F2}.Release|Any CPU.ActiveCfg = Release|Any CPU
		{C09611B4-5599-4F73-948E-8072B385E0F2}.Release|Any CPU.Build.0 = Release|Any CPU
		{CDD380A9-3D9F-451A-8A64-89DBD8C3EA32}.Debug|Any CPU.ActiveCfg = Debug|Any CPU
		{CDD380A9-3D9F-451A-8A64-89DBD8C3EA32}.Debug|Any CPU.Build.0 = Debug|Any CPU
		{CDD380A9-3D9F-451A-8A64-89DBD8C3EA32}.Release|Any CPU.ActiveCfg = Release|Any CPU
		{CDD380A9-3D9F-451A-8A64-89DBD8C3EA32}.Release|Any CPU.Build.0 = Release|Any CPU
	EndGlobalSection
	GlobalSection(SolutionProperties) = preSolution
		HideSolutionNode = FALSE
	EndGlobalSection
	GlobalSection(ExtensibilityGlobals) = postSolution
		SolutionGuid = {EFDC1E07-771D-4478-9E1F-64D7F0F861DF}
	EndGlobalSection
EndGlobal
